
Microsoft Visual Studio Solution File, Format Version 12.00
# Visual Studio Version 16
VisualStudioVersion = 16.0.31424.327
MinimumVisualStudioVersion = 10.0.40219.1
Project("{FAE04EC0-301F-11D3-BF4B-00C04F79EFBC}") = "TicTacToe", "TicTacToe\TicTacToe.csproj", "{86593EA5-E2B8-4199-AF22-2103A2A2239F}"
EndProject
Global
	GlobalSection(SolutionConfigurationPlatforms) = preSolution
		Debug|Any CPU = Debug|Any CPU
		Release|Any CPU = Release|Any CPU
	EndGlobalSection
	GlobalSection(ProjectConfigurationPlatforms) = postSolution
		{86593EA5-E2B8-4199-AF22-2103A2A2239F}.Debug|Any CPU.ActiveCfg = Debug|Any CPU
		{86593EA5-E2B8-4199-AF22-2103A2A2239F}.Debug|Any CPU.Build.0 = Debug|Any CPU
		{86593EA5-E2B8-4199-AF22-2103A2A2239F}.Release|Any CPU.ActiveCfg = Release|Any CPU
		{86593EA5-E2B8-4199-AF22-2103A2A2239F}.Release|Any CPU.Build.0 = Release|Any CPU
	EndGlobalSection
	GlobalSection(SolutionProperties) = preSolution
		HideSolutionNode = FALSE
	EndGlobalSection
	GlobalSection(ExtensibilityGlobals) = postSolution
		SolutionGuid = {CAD26A9F-625A-4EC1-AEC0-E6316F3E9E41}
	EndGlobalSection
EndGlobal
